
Microsoft Visual Studio Solution File, Format Version 12.00
# Visual Studio 15
VisualStudioVersion = 15.0.28010.2036
MinimumVisualStudioVersion = 10.0.40219.1
Project("{FAE04EC0-301F-11D3-BF4B-00C04F79EFBC}") = "Loonberekening Library", "Loonberekening Library\Loonberekening Library.csproj", "{4BC003BD-B47A-4F0E-B62B-2672D64BBDFE}"
EndProject
Global
	GlobalSection(SolutionConfigurationPlatforms) = preSolution
		Debug|Any CPU = Debug|Any CPU
		Release|Any CPU = Release|Any CPU
	EndGlobalSection
	GlobalSection(ProjectConfigurationPlatforms) = postSolution
		{4BC003BD-B47A-4F0E-B62B-2672D64BBDFE}.Debug|Any CPU.ActiveCfg = Debug|Any CPU
		{4BC003BD-B47A-4F0E-B62B-2672D64BBDFE}.Debug|Any CPU.Build.0 = Debug|Any CPU
		{4BC003BD-B47A-4F0E-B62B-2672D64BBDFE}.Release|Any CPU.ActiveCfg = Release|Any CPU
		{4BC003BD-B47A-4F0E-B62B-2672D64BBDFE}.Release|Any CPU.Build.0 = Release|Any CPU
	EndGlobalSection
	GlobalSection(SolutionProperties) = preSolution
		HideSolutionNode = FALSE
	EndGlobalSection
	GlobalSection(ExtensibilityGlobals) = postSolution
		SolutionGuid = {CD017565-DE82-4619-8A03-7E996B6F1FA7}
	EndGlobalSection
EndGlobal
